
Microsoft Visual Studio Solution File, Format Version 12.00
# Visual Studio Version 17
VisualStudioVersion = 17.4.33122.133
MinimumVisualStudioVersion = 10.0.40219.1
Project("{FAE04EC0-301F-11D3-BF4B-00C04F79EFBC}") = "Domain", "Domain\Domain.csproj", "{B0E7A211-C986-48E7-A0FD-6CF430E56461}"
EndProject
Project("{FAE04EC0-301F-11D3-BF4B-00C04F79EFBC}") = "DataAccess", "DataAccess\DataAccess.csproj", "{7D3E1C60-E150-4669-9C1D-A5CD2318008B}"
EndProject
Project("{FAE04EC0-301F-11D3-BF4B-00C04F79EFBC}") = "Presentation", "Presentation\Presentation.csproj", "{2CF94D71-955A-43A3-B3B5-5BF7564FCF4B}"
EndProject
Global
	GlobalSection(SolutionConfigurationPlatforms) = preSolution
		Debug|Any CPU = Debug|Any CPU
		Release|Any CPU = Release|Any CPU
	EndGlobalSection
	GlobalSection(ProjectConfigurationPlatforms) = postSolution
		{B0E7A211-C986-48E7-A0FD-6CF430E56461}.Debug|Any CPU.ActiveCfg = Debug|Any CPU
		{B0E7A211-C986-48E7-A0FD-6CF430E56461}.Debug|Any CPU.Build.0 = Debug|Any CPU
		{B0E7A211-C986-48E7-A0FD-6CF430E56461}.Release|Any CPU.ActiveCfg = Release|Any CPU
		{B0E7A211-C986-48E7-A0FD-6CF430E56461}.Release|Any CPU.Build.0 = Release|Any CPU
		{7D3E1C60-E150-4669-9C1D-A5CD2318008B}.Debug|Any CPU.ActiveCfg = Debug|Any CPU
		{7D3E1C60-E150-4669-9C1D-A5CD2318008B}.Debug|Any CPU.Build.0 = Debug|Any CPU
		{7D3E1C60-E150-4669-9C1D-A5CD2318008B}.Release|Any CPU.ActiveCfg = Release|Any CPU
		{7D3E1C60-E150-4669-9C1D-A5CD2318008B}.Release|Any CPU.Build.0 = Release|Any CPU
		{2CF94D71-955A-43A3-B3B5-5BF7564FCF4B}.Debug|Any CPU.ActiveCfg = Debug|Any CPU
		{2CF94D71-955A-43A3-B3B5-5BF7564FCF4B}.Debug|Any CPU.Build.0 = Debug|Any CPU
		{2CF94D71-955A-43A3-B3B5-5BF7564FCF4B}.Release|Any CPU.ActiveCfg = Release|Any CPU
		{2CF94D71-955A-43A3-B3B5-5BF7564FCF4B}.Release|Any CPU.Build.0 = Release|Any CPU
	EndGlobalSection
	GlobalSection(SolutionProperties) = preSolution
		HideSolutionNode = FALSE
	EndGlobalSection
	GlobalSection(ExtensibilityGlobals) = postSolution
		SolutionGuid = {6659FE6B-FCE0-4B07-AF9E-A67E1E5BC058}
	EndGlobalSection
EndGlobal
